
Microsoft Visual Studio Solution File, Format Version 12.00
# Visual Studio 15
VisualStudioVersion = 15.0.28010.2046
MinimumVisualStudioVersion = 10.0.40219.1
Project("{FAE04EC0-301F-11D3-BF4B-00C04F79EFBC}") = "MyNetStandardProject", "MyNetStandardProject\MyNetStandardProject.csproj", "{65F55FA2-B72B-4C98-9B0C-20C0FA908D54}"
EndProject
Project("{FAE04EC0-301F-11D3-BF4B-00C04F79EFBC}") = "MyNetFrameworkProject", "MyNetFrameworkProject\MyNetFrameworkProject.csproj", "{2FBA506B-2892-4DD5-B156-BAB2AEA3DED8}"
EndProject
Global
	GlobalSection(SolutionConfigurationPlatforms) = preSolution
		Debug|Any CPU = Debug|Any CPU
		Release|Any CPU = Release|Any CPU
	EndGlobalSection
	GlobalSection(ProjectConfigurationPlatforms) = postSolution
		{65F55FA2-B72B-4C98-9B0C-20C0FA908D54}.Debug|Any CPU.ActiveCfg = Debug|Any CPU
		{65F55FA2-B72B-4C98-9B0C-20C0FA908D54}.Debug|Any CPU.Build.0 = Debug|Any CPU
		{65F55FA2-B72B-4C98-9B0C-20C0FA908D54}.Release|Any CPU.ActiveCfg = Release|Any CPU
		{65F55FA2-B72B-4C98-9B0C-20C0FA908D54}.Release|Any CPU.Build.0 = Release|Any CPU
		{2FBA506B-2892-4DD5-B156-BAB2AEA3DED8}.Debug|Any CPU.ActiveCfg = Debug|Any CPU
		{2FBA506B-2892-4DD5-B156-BAB2AEA3DED8}.Debug|Any CPU.Build.0 = Debug|Any CPU
		{2FBA506B-2892-4DD5-B156-BAB2AEA3DED8}.Release|Any CPU.ActiveCfg = Release|Any CPU
		{2FBA506B-2892-4DD5-B156-BAB2AEA3DED8}.Release|Any CPU.Build.0 = Release|Any CPU
	EndGlobalSection
	GlobalSection(SolutionProperties) = preSolution
		HideSolutionNode = FALSE
	EndGlobalSection
	GlobalSection(ExtensibilityGlobals) = postSolution
		SolutionGuid = {432AFC70-B443-4C4F-9407-7F4A4467BD4B}
	EndGlobalSection
EndGlobal
